github.com/go-augeas/augeas v0.0.0-20260830115849-a0db83a6594a h1:WnRzPthHV1yr9s1jPmUmdApc1M3iIA1ZfH/fwKmCzFg=
github.com/go-augeas/augeas v0.0.0-20260830115849-a0db83a6594a/go.mod h1:syDsgdbvlbD/zjgs6nJktc2araTaN5DEL3a/OvPCrkM=
github.com/go-encryptions/unixcrypt v0.1.0 h1:XWk4h9uCDd+T2hovOzgO0B2vOdJvAwi9nbOBVb3o62c=
github.com/go-encryptions/unixcrypt v0.1.0/go.mod h1:B1dJSjz3kdxvP7cpi5xSzyxezgBijmtNCUeCKqqDd3o=
github.com/go-facter/facter v0.0.0-20260830120958-454b72e642ab h1:bXPxQDhADpiF/S/8jlRFhVisFPRaxPtPgjibLnOzvsE=
github.com/go-facter/facter v0.0.0-20260830120958-454b72e642ab/go.mod h1:ghuoOHWXdq5dE3GLPDiz3Uy0ORrvK+1hB7QC997ez2U=
github.com/go-hiera/hiera v0.0.0-20260830144306-f9304f6bec92 h1:eyAunbBKGExaT/qWTpapYsBw4lvXApxMixxGs+wek6k=
github.com/go-hiera/hiera v0.0.0-20260830144306-f9304f6bec92/go.mod h1:Xsrq+9d6EzW6Ju6DyJpIDDj4CYGka5ZAOWlBbQOOE5k=
github.com/go-hiera/hiera v0.0.0-20261004233440-208f78802339 h1:FRe8Ge9Os6CkAAra1HcG926gDTs/zyOS0yieEtI9g1s=
github.com/go-hiera/hiera v0.0.0-20261004233440-208f78802339/go.mod h1:EUKZjKW12bUA0KgO7NGbVrJV9qeyrO2RC32VyS76b2M=
github.com/go-hocon/hocon v0.0.0-20260831114632-08e716b40e6d h1:Lnoi3t2g9QiII2NGQlg+wL8/zmA/po6G3B0Vs1Dm6lI=
github.com/go-hocon/hocon v0.0.0-20260831114632-08e716b40e6d/go.mod h1:2231cAwqF+bztx0saIVdVSKtnvkx1VVxncHSNSEPu/4=
github.com/go-pcore/pcore v0.0.0-20260831114716-f9c3e7f59eaa h1:JNWdYslHUIBvlGE7aKJWtJ+Z6U2riJn+v8NquDVMy+U=
github.com/go-pcore/pcore v0.0.0-20260831114716-f9c3e7f59eaa/go.mod h1:MgngaL59lB3D41kl/VWYfkem1sJDBbh3JXG/y/Lrnjo=
github.com/go-puppet/puppet v0.0.0-20260918012035-fc6b0424cdbd h1:0tExRGSb1rQsGZnJxhL//KAGsbe0kmH5EBHoHYYjzjc=
github.com/go-puppet/puppet v0.0.0-20260918012035-fc6b0424cdbd/go.mod h1:wdKZWNCMcBQA7Dgp7xu2QFDPF7tQ2fTlOG4cjGEMgxU=
github.com/go-ruby-hcl2/hcl2 v0.0.0-20260717065417-6b99e6076938 h1:2UWjr92i7i0wDyI0wb+atFBOjQEvFBjwl2q4ZWjvGNo=
github.com/go-ruby-hcl2/hcl2 v0.0.0-20260717065417-6b99e6076938/go.mod h1:zPgLGk8wYhXACwDsJqxkdK09WgWbJwalPxiw6qHMGQg=
github.com/go-ruby-yaml/yaml v0.0.0-20260916104302-910ced2db1c7 h1:0p98W8xQ9WMGipkUVYZcgqvfVED1pEBk4IMjmjAej2s=
github.com/go-ruby-yaml/yaml v0.0.0-20260916104302-910ced2db1c7/go.mod h1:HtbQgnZpSTJBAhPg1jOKgHycZl3tXgf9ZdOu4dnHWjQ=
golang.org/x/crypto v0.57.0 h1:3ZVCjf8Ggz7zneR/EHRVx68Ctf+2pmIMP2UFhh9cC6M=
golang.org/x/crypto v0.57.0/go.mod h1:Fdz0i5U6CoizGwLda9DttjSk6qlZo25zYNtR+ycvuZA=
